
Microsoft Visual Studio Solution File, Format Version 12.00
# Visual Studio Version 17
VisualStudioVersion = 17.7.34202.233
MinimumVisualStudioVersion = 10.0.40219.1
Project("{9A19103F-16F7-4668-BE54-9A1E7A4F7556}") = "TribunalApp", "TribunalApp.csproj", "{C0C70B80-E0E6-43AA-8282-B5B16D78B99A}"
EndProject
Global
	GlobalSection(SolutionConfigurationPlatforms) = preSolution
		Debug|Any CPU = Debug|Any CPU
		Release|Any CPU = Release|Any CPU
	EndGlobalSection
	GlobalSection(ProjectConfigurationPlatforms) = postSolution
		{C0C70B80-E0E6-43AA-8282-B5B16D78B99A}.Debug|Any CPU.ActiveCfg = Debug|Any CPU
		{C0C70B80-E0E6-43AA-8282-B5B16D78B99A}.Debug|Any CPU.Build.0 = Debug|Any CPU
		{C0C70B80-E0E6-43AA-8282-B5B16D78B99A}.Release|Any CPU.ActiveCfg = Debug|Any CPU
		{C0C70B80-E0E6-43AA-8282-B5B16D78B99A}.Release|Any CPU.Build.0 = Debug|Any CPU
	EndGlobalSection
	GlobalSection(SolutionProperties) = preSolution
		HideSolutionNode = FALSE
	EndGlobalSection
	GlobalSection(ExtensibilityGlobals) = postSolution
		SolutionGuid = {BDE3621D-0494-47BE-BCDF-B4B6F49AD334}
	EndGlobalSection
EndGlobal
